
Microsoft Visual Studio Solution File, Format Version 12.00
# Visual Studio 15
VisualStudioVersion = 15.0.28010.2046
MinimumVisualStudioVersion = 10.0.40219.1
Project("{FAE04EC0-301F-11D3-BF4B-00C04F79EFBC}") = "CO453_ConsoleApp", "CO453_ConsoleApp\CO453_ConsoleApp.csproj", "{A8A6F46C-8006-4E50-A14A-AE8DB10D96D3}"
EndProject
Global
	GlobalSection(SolutionConfigurationPlatforms) = preSolution
		Debug|Any CPU = Debug|Any CPU
		Release|Any CPU = Release|Any CPU
	EndGlobalSection
	GlobalSection(ProjectConfigurationPlatforms) = postSolution
		{A8A6F46C-8006-4E50-A14A-AE8DB10D96D3}.Debug|Any CPU.ActiveCfg = Debug|Any CPU
		{A8A6F46C-8006-4E50-A14A-AE8DB10D96D3}.Debug|Any CPU.Build.0 = Debug|Any CPU
		{A8A6F46C-8006-4E50-A14A-AE8DB10D96D3}.Release|Any CPU.ActiveCfg = Release|Any CPU
		{A8A6F46C-8006-4E50-A14A-AE8DB10D96D3}.Release|Any CPU.Build.0 = Release|Any CPU
	EndGlobalSection
	GlobalSection(SolutionProperties) = preSolution
		HideSolutionNode = FALSE
	EndGlobalSection
	GlobalSection(ExtensibilityGlobals) = postSolution
		SolutionGuid = {72741AC4-F27A-4F51-8D52-F26140D8A341}
	EndGlobalSection
EndGlobal
